
Microsoft Visual Studio Solution File, Format Version 12.00
# Visual Studio Version 17
VisualStudioVersion = 17.0.31919.166
MinimumVisualStudioVersion = 10.0.40219.1
Project("{FAE04EC0-301F-11D3-BF4B-00C04F79EFBC}") = "Dev.Business", "Dev.Business\Dev.Business.csproj", "{6BFFB344-6D2D-4EF7-B4C0-329A2BE2EDDD}"
EndProject
Project("{FAE04EC0-301F-11D3-BF4B-00C04F79EFBC}") = "Dev.Infra", "Dev.Infra\Dev.Infra.csproj", "{BA096BA7-FC26-4B30-ADC2-90BDA009FD21}"
EndProject
Project("{FAE04EC0-301F-11D3-BF4B-00C04F79EFBC}") = "Dev.EasyPonto", "Dev.EasyPonto\Dev.EasyPonto.csproj", "{34715960-BC66-4FFD-98E0-29DEE8F97981}"
EndProject
Global
	GlobalSection(SolutionConfigurationPlatforms) = preSolution
		Debug|Any CPU = Debug|Any CPU
		Release|Any CPU = Release|Any CPU
	EndGlobalSection
	GlobalSection(ProjectConfigurationPlatforms) = postSolution
		{6BFFB344-6D2D-4EF7-B4C0-329A2BE2EDDD}.Debug|Any CPU.ActiveCfg = Debug|Any CPU
		{6BFFB344-6D2D-4EF7-B4C0-329A2BE2EDDD}.Debug|Any CPU.Build.0 = Debug|Any CPU
		{6BFFB344-6D2D-4EF7-B4C0-329A2BE2EDDD}.Release|Any CPU.ActiveCfg = Release|Any CPU
		{6BFFB344-6D2D-4EF7-B4C0-329A2BE2EDDD}.Release|Any CPU.Build.0 = Release|Any CPU
		{BA096BA7-FC26-4B30-ADC2-90BDA009FD21}.Debug|Any CPU.ActiveCfg = Debug|Any CPU
		{BA096BA7-FC26-4B30-ADC2-90BDA009FD21}.Debug|Any CPU.Build.0 = Debug|Any CPU
		{BA096BA7-FC26-4B30-ADC2-90BDA009FD21}.Release|Any CPU.ActiveCfg = Release|Any CPU
		{BA096BA7-FC26-4B30-ADC2-90BDA009FD21}.Release|Any CPU.Build.0 = Release|Any CPU
		{34715960-BC66-4FFD-98E0-29DEE8F97981}.Debug|Any CPU.ActiveCfg = Debug|Any CPU
		{34715960-BC66-4FFD-98E0-29DEE8F97981}.Debug|Any CPU.Build.0 = Debug|Any CPU
		{34715960-BC66-4FFD-98E0-29DEE8F97981}.Release|Any CPU.ActiveCfg = Release|Any CPU
		{34715960-BC66-4FFD-98E0-29DEE8F97981}.Release|Any CPU.Build.0 = Release|Any CPU
	EndGlobalSection
	GlobalSection(SolutionProperties) = preSolution
		HideSolutionNode = FALSE
	EndGlobalSection
	GlobalSection(ExtensibilityGlobals) = postSolution
		SolutionGuid = {36BA9F66-99F0-4093-9EAA-BEB9D00CB1EA}
	EndGlobalSection
EndGlobal
